
Microsoft Visual Studio Solution File, Format Version 12.00
Project("{2150E333-8FDC-42A3-9474-1A3956D46DE8}") = "Services", "Services", "{0B3D261C-9E09-42F1-9B00-C29CAAC434D7}"
EndProject
Project("{2150E333-8FDC-42A3-9474-1A3956D46DE8}") = "Abstractions", "Abstractions", "{CD52143A-4B58-4E86-A5C8-DC945F0DD1CC}"
EndProject
Project("{2150E333-8FDC-42A3-9474-1A3956D46DE8}") = "Implementations", "Implementations", "{83A6BE31-2100-43E0-82AE-397D94BDD91D}"
EndProject
Project("{2150E333-8FDC-42A3-9474-1A3956D46DE8}") = "Contracts", "Contracts", "{34CA9C20-7680-4B5C-BB9A-07F02F036A79}"
EndProject
Project("{FAE04EC0-301F-11D3-BF4B-00C04F79EFBC}") = "SafeRebus.Abstractions", "Abstractions\SafeRebus.Abstractions\SafeRebus.Abstractions.csproj", "{4B9DA0CE-595E-474C-86A8-5EFB9B6DFC6E}"
EndProject
Project("{FAE04EC0-301F-11D3-BF4B-00C04F79EFBC}") = "SafeRebus.Utilities", "Implementations\SafeRebus.Utilities\SafeRebus.Utilities.csproj", "{5F47BA4C-876F-4438-94A2-5C56C35F0D68}"
EndProject
Project("{FAE04EC0-301F-11D3-BF4B-00C04F79EFBC}") = "SafeRebus.Config", "Implementations\SafeRebus.Config\SafeRebus.Config.csproj", "{E40754CE-4E96-474C-A409-34E818FF21D2}"
EndProject
Project("{2150E333-8FDC-42A3-9474-1A3956D46DE8}") = "Tests", "Tests", "{1D4D36F2-B674-4BF6-B95A-828AB6ED5E29}"
EndProject
Project("{FAE04EC0-301F-11D3-BF4B-00C04F79EFBC}") = "SafeRebus.Tests", "Tests\SafeRebus.Tests\SafeRebus.Tests.csproj", "{40817C8A-A369-4546-BA63-8AD11A0255F8}"
EndProject
Project("{FAE04EC0-301F-11D3-BF4B-00C04F79EFBC}") = "SafeRebus.TestUtilities", "Tests\SafeRebus.TestUtilities\SafeRebus.TestUtilities.csproj", "{B22280F2-A9D7-4E27-8C61-12F4FAF2D78C}"
EndProject
Project("{FAE04EC0-301F-11D3-BF4B-00C04F79EFBC}") = "SafeRebus.Migrator", "Services\SafeRebus.Migrator\SafeRebus.Migrator.csproj", "{A11CC622-D9C9-450A-8165-75BD00CE5D11}"
EndProject
Project("{FAE04EC0-301F-11D3-BF4B-00C04F79EFBC}") = "SafeRebus.RebusSteps", "Implementations\SafeRebus.RebusSteps\SafeRebus.RebusSteps.csproj", "{5A8A80C6-5810-42E6-9C1F-3529BA91B434}"
EndProject
Project("{FAE04EC0-301F-11D3-BF4B-00C04F79EFBC}") = "SafeRebus.OutboxCleaner.Service", "Services\SafeRebus.OutboxCleaner.Service\SafeRebus.OutboxCleaner.Service.csproj", "{846F5FF4-B617-4798-829D-C13A93038D4F}"
EndProject
Project("{FAE04EC0-301F-11D3-BF4B-00C04F79EFBC}") = "SafeRebus.ContainerAdapter", "Implementations\SafeRebus.ContainerAdapter\SafeRebus.ContainerAdapter.csproj", "{82FB2765-FEBA-4EC7-AD64-5AD4E3E38FFC}"
EndProject
Project("{FAE04EC0-301F-11D3-BF4B-00C04F79EFBC}") = "SafeRebus.Database", "Implementations\SafeRebus.Database\SafeRebus.Database.csproj", "{A25C35CC-3E02-46B6-BBEF-0707C2687B16}"
EndProject
Project("{FAE04EC0-301F-11D3-BF4B-00C04F79EFBC}") = "SafeRebus.Migration", "Implementations\SafeRebus.Migration\SafeRebus.Migration.csproj", "{B017F18F-4D5A-48DA-9A66-18C2FEF8137E}"
EndProject
Project("{FAE04EC0-301F-11D3-BF4B-00C04F79EFBC}") = "SafeRebus.Outbox.Abstractions", "Abstractions\SafeRebus.Outbox.Abstractions\SafeRebus.Outbox.Abstractions.csproj", "{C0001E49-3F91-4FB7-917F-16BB8085607F}"
EndProject
Project("{2150E333-8FDC-42A3-9474-1A3956D46DE8}") = "Example", "Example", "{57630E03-2142-422E-B0B7-A5F30ECB681C}"
EndProject
Project("{FAE04EC0-301F-11D3-BF4B-00C04F79EFBC}") = "SafeRebus.MessageHandler", "Example\SafeRebus.MessageHandler\SafeRebus.MessageHandler.csproj", "{AD90265C-38EC-4D96-91DD-7A73DAE8BFAF}"
EndProject
Project("{FAE04EC0-301F-11D3-BF4B-00C04F79EFBC}") = "SafeRebus.MessageHandler.Abstractions", "Example\SafeRebus.MessageHandler.Abstractions\SafeRebus.MessageHandler.Abstractions.csproj", "{22AB7B44-97A4-4DC3-BAA7-987D834BD0F0}"
EndProject
Project("{FAE04EC0-301F-11D3-BF4B-00C04F79EFBC}") = "SafeRebus.MessageHandler.Utilities", "Example\SafeRebus.MessageHandler.Utilities\SafeRebus.MessageHandler.Utilities.csproj", "{28664388-C540-46E3-8BA9-2DAC754724F0}"
EndProject
Project("{FAE04EC0-301F-11D3-BF4B-00C04F79EFBC}") = "SafeRebus.MessageHandler.Builder", "Example\SafeRebus.MessageHandler.Builder\SafeRebus.MessageHandler.Builder.csproj", "{607C6315-6EDC-403B-9011-1A2B924AD1C4}"
EndProject
Project("{FAE04EC0-301F-11D3-BF4B-00C04F79EFBC}") = "SafeRebus.Outbox.Cleaner.Host", "Implementations\SafeRebus.Outbox.Cleaner.Host\SafeRebus.Outbox.Cleaner.Host.csproj", "{F29E2C71-8FE5-469C-BF74-8111E27773DA}"
EndProject
Project("{FAE04EC0-301F-11D3-BF4B-00C04F79EFBC}") = "SafeRebus.Outbox.Database", "Implementations\SafeRebus.Outbox.Database\SafeRebus.Outbox.Database.csproj", "{8A838AC9-39F8-47B3-860D-38E5BE152BF7}"
EndProject
Project("{FAE04EC0-301F-11D3-BF4B-00C04F79EFBC}") = "SafeRebus.Outbox.Migration", "Implementations\SafeRebus.Outbox.Migration\SafeRebus.Outbox.Migration.csproj", "{BC78DDD3-43CF-4F2A-B725-18F574C13175}"
EndProject
Project("{FAE04EC0-301F-11D3-BF4B-00C04F79EFBC}") = "SafeRebus.MessageHandler.Config", "Example\SafeRebus.MessageHandler.Config\SafeRebus.MessageHandler.Config.csproj", "{447980EE-7C26-4C77-8609-F2B159B44B0B}"
EndProject
Project("{FAE04EC0-301F-11D3-BF4B-00C04F79EFBC}") = "SafeRebus.MessageHandler.Database", "Example\SafeRebus.MessageHandler.Database\SafeRebus.MessageHandler.Database.csproj", "{F159EE48-FC28-43F5-BC4E-08B57EBBB619}"
EndProject
Project("{FAE04EC0-301F-11D3-BF4B-00C04F79EFBC}") = "SafeRebus.MessageHandler.Host", "Example\SafeRebus.MessageHandler.Host\SafeRebus.MessageHandler.Host.csproj", "{672151F4-5486-43EC-9690-7895A092066E}"
EndProject
Project("{FAE04EC0-301F-11D3-BF4B-00C04F79EFBC}") = "SafeRebus.MessageHandler.Migration", "Example\SafeRebus.MessageHandler.Migration\SafeRebus.MessageHandler.Migration.csproj", "{612CE470-AAC6-474E-8067-27478F222D11}"
EndProject
Project("{FAE04EC0-301F-11D3-BF4B-00C04F79EFBC}") = "SafeRebus.MessageSpammer.Host", "Example\SafeRebus.MessageSpammer.Host\SafeRebus.MessageSpammer.Host.csproj", "{678A5E41-30F3-455F-85CB-2E8058F838F4}"
EndProject
Project("{2150E333-8FDC-42A3-9474-1A3956D46DE8}") = "Outbox", "Outbox", "{AF2371DA-BC79-4DB5-9D6E-E9C6E6E5ECD7}"
EndProject
Project("{FAE04EC0-301F-11D3-BF4B-00C04F79EFBC}") = "SafeRebus.Outbox.Config", "Implementations\SafeRebus.Outbox.Config\SafeRebus.Outbox.Config.csproj", "{5936E491-D291-4993-AE63-663EE4B00F98}"
EndProject
Project("{FAE04EC0-301F-11D3-BF4B-00C04F79EFBC}") = "SafeRebus.MessageHandler.Contracts", "Example\SafeRebus.MessageHandler.Contracts\SafeRebus.MessageHandler.Contracts.csproj", "{F5C2237C-2CE6-4A65-A0B6-EF8E13782143}"
EndProject
Project("{FAE04EC0-301F-11D3-BF4B-00C04F79EFBC}") = "SafeRebus.MessageHandler.Service", "Services\SafeRebus.MessageHandler.Service\SafeRebus.MessageHandler.Service.csproj", "{02E0C6AC-94F6-4185-B22A-FB84DCC18F19}"
EndProject
Project("{FAE04EC0-301F-11D3-BF4B-00C04F79EFBC}") = "SafeRebus.MessageSpammer.Service", "Services\SafeRebus.MessageSpammer.Service\SafeRebus.MessageSpammer.Service.csproj", "{67E77AC0-30D9-4023-84BC-DF825873C87D}"
EndProject
Project("{2150E333-8FDC-42A3-9474-1A3956D46DE8}") = "Extensions", "Extensions", "{DF305D67-8A5F-437F-BEEF-DBE366818ECF}"
EndProject
Project("{FAE04EC0-301F-11D3-BF4B-00C04F79EFBC}") = "SafeRebus.Extensions.Builder", "Extensions\SafeRebus.Extensions.Builder\SafeRebus.Extensions.Builder.csproj", "{9696E028-0579-4311-BDDD-E02C34101227}"
EndProject
Global
	GlobalSection(SolutionConfigurationPlatforms) = preSolution
		Debug|Any CPU = Debug|Any CPU
		Release|Any CPU = Release|Any CPU
	EndGlobalSection
	GlobalSection(ProjectConfigurationPlatforms) = postSolution
		{4B9DA0CE-595E-474C-86A8-5EFB9B6DFC6E}.Debug|Any CPU.ActiveCfg = Debug|Any CPU
		{4B9DA0CE-595E-474C-86A8-5EFB9B6DFC6E}.Debug|Any CPU.Build.0 = Debug|Any CPU
		{4B9DA0CE-595E-474C-86A8-5EFB9B6DFC6E}.Release|Any CPU.ActiveCfg = Release|Any CPU
		{4B9DA0CE-595E-474C-86A8-5EFB9B6DFC6E}.Release|Any CPU.Build.0 = Release|Any CPU
		{5F47BA4C-876F-4438-94A2-5C56C35F0D68}.Debug|Any CPU.ActiveCfg = Debug|Any CPU
		{5F47BA4C-876F-4438-94A2-5C56C35F0D68}.Debug|Any CPU.Build.0 = Debug|Any CPU
		{5F47BA4C-876F-4438-94A2-5C56C35F0D68}.Release|Any CPU.ActiveCfg = Release|Any CPU
		{5F47BA4C-876F-4438-94A2-5C56C35F0D68}.Release|Any CPU.Build.0 = Release|Any CPU
		{E40754CE-4E96-474C-A409-34E818FF21D2}.Debug|Any CPU.ActiveCfg = Debug|Any CPU
		{E40754CE-4E96-474C-A409-34E818FF21D2}.Debug|Any CPU.Build.0 = Debug|Any CPU
		{E40754CE-4E96-474C-A409-34E818FF21D2}.Release|Any CPU.ActiveCfg = Release|Any CPU
		{E40754CE-4E96-474C-A409-34E818FF21D2}.Release|Any CPU.Build.0 = Release|Any CPU
		{40817C8A-A369-4546-BA63-8AD11A0255F8}.Debug|Any CPU.ActiveCfg = Debug|Any CPU
		{40817C8A-A369-4546-BA63-8AD11A0255F8}.Debug|Any CPU.Build.0 = Debug|Any CPU
		{40817C8A-A369-4546-BA63-8AD11A0255F8}.Release|Any CPU.ActiveCfg = Release|Any CPU
		{40817C8A-A369-4546-BA63-8AD11A0255F8}.Release|Any CPU.Build.0 = Release|Any CPU
		{B22280F2-A9D7-4E27-8C61-12F4FAF2D78C}.Debug|Any CPU.ActiveCfg = Debug|Any CPU
		{B22280F2-A9D7-4E27-8C61-12F4FAF2D78C}.Debug|Any CPU.Build.0 = Debug|Any CPU
		{B22280F2-A9D7-4E27-8C61-12F4FAF2D78C}.Release|Any CPU.ActiveCfg = Release|Any CPU
		{B22280F2-A9D7-4E27-8C61-12F4FAF2D78C}.Release|Any CPU.Build.0 = Release|Any CPU
		{A11CC622-D9C9-450A-8165-75BD00CE5D11}.Debug|Any CPU.ActiveCfg = Debug|Any CPU
		{A11CC622-D9C9-450A-8165-75BD00CE5D11}.Debug|Any CPU.Build.0 = Debug|Any CPU
		{A11CC622-D9C9-450A-8165-75BD00CE5D11}.Release|Any CPU.ActiveCfg = Release|Any CPU
		{A11CC622-D9C9-450A-8165-75BD00CE5D11}.Release|Any CPU.Build.0 = Release|Any CPU
		{5A8A80C6-5810-42E6-9C1F-3529BA91B434}.Debug|Any CPU.ActiveCfg = Debug|Any CPU
		{5A8A80C6-5810-42E6-9C1F-3529BA91B434}.Debug|Any CPU.Build.0 = Debug|Any CPU
		{5A8A80C6-5810-42E6-9C1F-3529BA91B434}.Release|Any CPU.ActiveCfg = Release|Any CPU
		{5A8A80C6-5810-42E6-9C1F-3529BA91B434}.Release|Any CPU.Build.0 = Release|Any CPU
		{846F5FF4-B617-4798-829D-C13A93038D4F}.Debug|Any CPU.ActiveCfg = Debug|Any CPU
		{846F5FF4-B617-4798-829D-C13A93038D4F}.Debug|Any CPU.Build.0 = Debug|Any CPU
		{846F5FF4-B617-4798-829D-C13A93038D4F}.Release|Any CPU.ActiveCfg = Release|Any CPU
		{846F5FF4-B617-4798-829D-C13A93038D4F}.Release|Any CPU.Build.0 = Release|Any CPU
		{82FB2765-FEBA-4EC7-AD64-5AD4E3E38FFC}.Debug|Any CPU.ActiveCfg = Debug|Any CPU
		{82FB2765-FEBA-4EC7-AD64-5AD4E3E38FFC}.Debug|Any CPU.Build.0 = Debug|Any CPU
		{82FB2765-FEBA-4EC7-AD64-5AD4E3E38FFC}.Release|Any CPU.ActiveCfg = Release|Any CPU
		{82FB2765-FEBA-4EC7-AD64-5AD4E3E38FFC}.Release|Any CPU.Build.0 = Release|Any CPU
		{A25C35CC-3E02-46B6-BBEF-0707C2687B16}.Debug|Any CPU.ActiveCfg = Debug|Any CPU
		{A25C35CC-3E02-46B6-BBEF-0707C2687B16}.Debug|Any CPU.Build.0 = Debug|Any CPU
		{A25C35CC-3E02-46B6-BBEF-0707C2687B16}.Release|Any CPU.ActiveCfg = Release|Any CPU
		{A25C35CC-3E02-46B6-BBEF-0707C2687B16}.Release|Any CPU.Build.0 = Release|Any CPU
		{B017F18F-4D5A-48DA-9A66-18C2FEF8137E}.Debug|Any CPU.ActiveCfg = Debug|Any CPU
		{B017F18F-4D5A-48DA-9A66-18C2FEF8137E}.Debug|Any CPU.Build.0 = Debug|Any CPU
		{B017F18F-4D5A-48DA-9A66-18C2FEF8137E}.Release|Any CPU.ActiveCfg = Release|Any CPU
		{B017F18F-4D5A-48DA-9A66-18C2FEF8137E}.Release|Any CPU.Build.0 = Release|Any CPU
		{C0001E49-3F91-4FB7-917F-16BB8085607F}.Debug|Any CPU.ActiveCfg = Debug|Any CPU
		{C0001E49-3F91-4FB7-917F-16BB8085607F}.Debug|Any CPU.Build.0 = Debug|Any CPU
		{C0001E49-3F91-4FB7-917F-16BB8085607F}.Release|Any CPU.ActiveCfg = Release|Any CPU
		{C0001E49-3F91-4FB7-917F-16BB8085607F}.Release|Any CPU.Build.0 = Release|Any CPU
		{AD90265C-38EC-4D96-91DD-7A73DAE8BFAF}.Debug|Any CPU.ActiveCfg = Debug|Any CPU
		{AD90265C-38EC-4D96-91DD-7A73DAE8BFAF}.Debug|Any CPU.Build.0 = Debug|Any CPU
		{AD90265C-38EC-4D96-91DD-7A73DAE8BFAF}.Release|Any CPU.ActiveCfg = Release|Any CPU
		{AD90265C-38EC-4D96-91DD-7A73DAE8BFAF}.Release|Any CPU.Build.0 = Release|Any CPU
		{22AB7B44-97A4-4DC3-BAA7-987D834BD0F0}.Debug|Any CPU.ActiveCfg = Debug|Any CPU
		{22AB7B44-97A4-4DC3-BAA7-987D834BD0F0}.Debug|Any CPU.Build.0 = Debug|Any CPU
		{22AB7B44-97A4-4DC3-BAA7-987D834BD0F0}.Release|Any CPU.ActiveCfg = Release|Any CPU
		{22AB7B44-97A4-4DC3-BAA7-987D834BD0F0}.Release|Any CPU.Build.0 = Release|Any CPU
		{28664388-C540-46E3-8BA9-2DAC754724F0}.Debug|Any CPU.ActiveCfg = Debug|Any CPU
		{28664388-C540-46E3-8BA9-2DAC754724F0}.Debug|Any CPU.Build.0 = Debug|Any CPU
		{28664388-C540-46E3-8BA9-2DAC754724F0}.Release|Any CPU.ActiveCfg = Release|Any CPU
		{28664388-C540-46E3-8BA9-2DAC754724F0}.Release|Any CPU.Build.0 = Release|Any CPU
		{607C6315-6EDC-403B-9011-1A2B924AD1C4}.Debug|Any CPU.ActiveCfg = Debug|Any CPU
		{607C6315-6EDC-403B-9011-1A2B924AD1C4}.Debug|Any CPU.Build.0 = Debug|Any CPU
		{607C6315-6EDC-403B-9011-1A2B924AD1C4}.Release|Any CPU.ActiveCfg = Release|Any CPU
		{607C6315-6EDC-403B-9011-1A2B924AD1C4}.Release|Any CPU.Build.0 = Release|Any CPU
		{F29E2C71-8FE5-469C-BF74-8111E27773DA}.Debug|Any CPU.ActiveCfg = Debug|Any CPU
		{F29E2C71-8FE5-469C-BF74-8111E27773DA}.Debug|Any CPU.Build.0 = Debug|Any CPU
		{F29E2C71-8FE5-469C-BF74-8111E27773DA}.Release|Any CPU.ActiveCfg = Release|Any CPU
		{F29E2C71-8FE5-469C-BF74-8111E27773DA}.Release|Any CPU.Build.0 = Release|Any CPU
		{8A838AC9-39F8-47B3-860D-38E5BE152BF7}.Debug|Any CPU.ActiveCfg = Debug|Any CPU
		{8A838AC9-39F8-47B3-860D-38E5BE152BF7}.Debug|Any CPU.Build.0 = Debug|Any CPU
		{8A838AC9-39F8-47B3-860D-38E5BE152BF7}.Release|Any CPU.ActiveCfg = Release|Any CPU
		{8A838AC9-39F8-47B3-860D-38E5BE152BF7}.Release|Any CPU.Build.0 = Release|Any CPU
		{BC78DDD3-43CF-4F2A-B725-18F574C13175}.Debug|Any CPU.ActiveCfg = Debug|Any CPU
		{BC78DDD3-43CF-4F2A-B725-18F574C13175}.Debug|Any CPU.Build.0 = Debug|Any CPU
		{BC78DDD3-43CF-4F2A-B725-18F574C13175}.Release|Any CPU.ActiveCfg = Release|Any CPU
		{BC78DDD3-43CF-4F2A-B725-18F574C13175}.Release|Any CPU.Build.0 = Release|Any CPU
		{447980EE-7C26-4C77-8609-F2B159B44B0B}.Debug|Any CPU.ActiveCfg = Debug|Any CPU
		{447980EE-7C26-4C77-8609-F2B159B44B0B}.Debug|Any CPU.Build.0 = Debug|Any CPU
		{447980EE-7C26-4C77-8609-F2B159B44B0B}.Release|Any CPU.ActiveCfg = Release|Any CPU
		{447980EE-7C26-4C77-8609-F2B159B44B0B}.Release|Any CPU.Build.0 = Release|Any CPU
		{F159EE48-FC28-43F5-BC4E-08B57EBBB619}.Debug|Any CPU.ActiveCfg = Debug|Any CPU
		{F159EE48-FC28-43F5-BC4E-08B57EBBB619}.Debug|Any CPU.Build.0 = Debug|Any CPU
		{F159EE48-FC28-43F5-BC4E-08B57EBBB619}.Release|Any CPU.ActiveCfg = Release|Any CPU
		{F159EE48-FC28-43F5-BC4E-08B57EBBB619}.Release|Any CPU.Build.0 = Release|Any CPU
		{672151F4-5486-43EC-9690-7895A092066E}.Debug|Any CPU.ActiveCfg = Debug|Any CPU
		{672151F4-5486-43EC-9690-7895A092066E}.Debug|Any CPU.Build.0 = Debug|Any CPU
		{672151F4-5486-43EC-9690-7895A092066E}.Release|Any CPU.ActiveCfg = Release|Any CPU
		{672151F4-5486-43EC-9690-7895A092066E}.Release|Any CPU.Build.0 = Release|Any CPU
		{612CE470-AAC6-474E-8067-27478F222D11}.Debug|Any CPU.ActiveCfg = Debug|Any CPU
		{612CE470-AAC6-474E-8067-27478F222D11}.Debug|Any CPU.Build.0 = Debug|Any CPU
		{612CE470-AAC6-474E-8067-27478F222D11}.Release|Any CPU.ActiveCfg = Release|Any CPU
		{612CE470-AAC6-474E-8067-27478F222D11}.Release|Any CPU.Build.0 = Release|Any CPU
		{678A5E41-30F3-455F-85CB-2E8058F838F4}.Debug|Any CPU.ActiveCfg = Debug|Any CPU
		{678A5E41-30F3-455F-85CB-2E8058F838F4}.Debug|Any CPU.Build.0 = Debug|Any CPU
		{678A5E41-30F3-455F-85CB-2E8058F838F4}.Release|Any CPU.ActiveCfg = Release|Any CPU
		{678A5E41-30F3-455F-85CB-2E8058F838F4}.Release|Any CPU.Build.0 = Release|Any CPU
		{5936E491-D291-4993-AE63-663EE4B00F98}.Debug|Any CPU.ActiveCfg = Debug|Any CPU
		{5936E491-D291-4993-AE63-663EE4B00F98}.Debug|Any CPU.Build.0 = Debug|Any CPU
		{5936E491-D291-4993-AE63-663EE4B00F98}.Release|Any CPU.ActiveCfg = Release|Any CPU
		{5936E491-D291-4993-AE63-663EE4B00F98}.Release|Any CPU.Build.0 = Release|Any CPU
		{F5C2237C-2CE6-4A65-A0B6-EF8E13782143}.Debug|Any CPU.ActiveCfg = Debug|Any CPU
		{F5C2237C-2CE6-4A65-A0B6-EF8E13782143}.Debug|Any CPU.Build.0 = Debug|Any CPU
		{F5C2237C-2CE6-4A65-A0B6-EF8E13782143}.Release|Any CPU.ActiveCfg = Release|Any CPU
		{F5C2237C-2CE6-4A65-A0B6-EF8E13782143}.Release|Any CPU.Build.0 = Release|Any CPU
		{02E0C6AC-94F6-4185-B22A-FB84DCC18F19}.Debug|Any CPU.ActiveCfg = Debug|Any CPU
		{02E0C6AC-94F6-4185-B22A-FB84DCC18F19}.Debug|Any CPU.Build.0 = Debug|Any CPU
		{02E0C6AC-94F6-4185-B22A-FB84DCC18F19}.Release|Any CPU.ActiveCfg = Release|Any CPU
		{02E0C6AC-94F6-4185-B22A-FB84DCC18F19}.Release|Any CPU.Build.0 = Release|Any CPU
		{67E77AC0-30D9-4023-84BC-DF825873C87D}.Debug|Any CPU.ActiveCfg = Debug|Any CPU
		{67E77AC0-30D9-4023-84BC-DF825873C87D}.Debug|Any CPU.Build.0 = Debug|Any CPU
		{67E77AC0-30D9-4023-84BC-DF825873C87D}.Release|Any CPU.ActiveCfg = Release|Any CPU
		{67E77AC0-30D9-4023-84BC-DF825873C87D}.Release|Any CPU.Build.0 = Release|Any CPU
		{9696E028-0579-4311-BDDD-E02C34101227}.Debug|Any CPU.ActiveCfg = Debug|Any CPU
		{9696E028-0579-4311-BDDD-E02C34101227}.Debug|Any CPU.Build.0 = Debug|Any CPU
		{9696E028-0579-4311-BDDD-E02C34101227}.Release|Any CPU.ActiveCfg = Release|Any CPU
		{9696E028-0579-4311-BDDD-E02C34101227}.Release|Any CPU.Build.0 = Release|Any CPU
	EndGlobalSection
	GlobalSection(NestedProjects) = preSolution
		{4B9DA0CE-595E-474C-86A8-5EFB9B6DFC6E} = {CD52143A-4B58-4E86-A5C8-DC945F0DD1CC}
		{5F47BA4C-876F-4438-94A2-5C56C35F0D68} = {83A6BE31-2100-43E0-82AE-397D94BDD91D}
		{E40754CE-4E96-474C-A409-34E818FF21D2} = {83A6BE31-2100-43E0-82AE-397D94BDD91D}
		{40817C8A-A369-4546-BA63-8AD11A0255F8} = {1D4D36F2-B674-4BF6-B95A-828AB6ED5E29}
		{B22280F2-A9D7-4E27-8C61-12F4FAF2D78C} = {1D4D36F2-B674-4BF6-B95A-828AB6ED5E29}
		{A11CC622-D9C9-450A-8165-75BD00CE5D11} = {0B3D261C-9E09-42F1-9B00-C29CAAC434D7}
		{5A8A80C6-5810-42E6-9C1F-3529BA91B434} = {83A6BE31-2100-43E0-82AE-397D94BDD91D}
		{846F5FF4-B617-4798-829D-C13A93038D4F} = {0B3D261C-9E09-42F1-9B00-C29CAAC434D7}
		{82FB2765-FEBA-4EC7-AD64-5AD4E3E38FFC} = {83A6BE31-2100-43E0-82AE-397D94BDD91D}
		{A25C35CC-3E02-46B6-BBEF-0707C2687B16} = {83A6BE31-2100-43E0-82AE-397D94BDD91D}
		{B017F18F-4D5A-48DA-9A66-18C2FEF8137E} = {83A6BE31-2100-43E0-82AE-397D94BDD91D}
		{C0001E49-3F91-4FB7-917F-16BB8085607F} = {CD52143A-4B58-4E86-A5C8-DC945F0DD1CC}
		{AD90265C-38EC-4D96-91DD-7A73DAE8BFAF} = {57630E03-2142-422E-B0B7-A5F30ECB681C}
		{22AB7B44-97A4-4DC3-BAA7-987D834BD0F0} = {57630E03-2142-422E-B0B7-A5F30ECB681C}
		{28664388-C540-46E3-8BA9-2DAC754724F0} = {57630E03-2142-422E-B0B7-A5F30ECB681C}
		{607C6315-6EDC-403B-9011-1A2B924AD1C4} = {57630E03-2142-422E-B0B7-A5F30ECB681C}
		{447980EE-7C26-4C77-8609-F2B159B44B0B} = {57630E03-2142-422E-B0B7-A5F30ECB681C}
		{F159EE48-FC28-43F5-BC4E-08B57EBBB619} = {57630E03-2142-422E-B0B7-A5F30ECB681C}
		{672151F4-5486-43EC-9690-7895A092066E} = {57630E03-2142-422E-B0B7-A5F30ECB681C}
		{612CE470-AAC6-474E-8067-27478F222D11} = {57630E03-2142-422E-B0B7-A5F30ECB681C}
		{678A5E41-30F3-455F-85CB-2E8058F838F4} = {57630E03-2142-422E-B0B7-A5F30ECB681C}
		{AF2371DA-BC79-4DB5-9D6E-E9C6E6E5ECD7} = {83A6BE31-2100-43E0-82AE-397D94BDD91D}
		{F29E2C71-8FE5-469C-BF74-8111E27773DA} = {AF2371DA-BC79-4DB5-9D6E-E9C6E6E5ECD7}
		{8A838AC9-39F8-47B3-860D-38E5BE152BF7} = {AF2371DA-BC79-4DB5-9D6E-E9C6E6E5ECD7}
		{BC78DDD3-43CF-4F2A-B725-18F574C13175} = {AF2371DA-BC79-4DB5-9D6E-E9C6E6E5ECD7}
		{5936E491-D291-4993-AE63-663EE4B00F98} = {AF2371DA-BC79-4DB5-9D6E-E9C6E6E5ECD7}
		{F5C2237C-2CE6-4A65-A0B6-EF8E13782143} = {57630E03-2142-422E-B0B7-A5F30ECB681C}
		{02E0C6AC-94F6-4185-B22A-FB84DCC18F19} = {0B3D261C-9E09-42F1-9B00-C29CAAC434D7}
		{67E77AC0-30D9-4023-84BC-DF825873C87D} = {0B3D261C-9E09-42F1-9B00-C29CAAC434D7}
		{9696E028-0579-4311-BDDD-E02C34101227} = {DF305D67-8A5F-437F-BEEF-DBE366818ECF}
	EndGlobalSection
EndGlobal
