
Microsoft Visual Studio Solution File, Format Version 12.00
Project("{2150E333-8FDC-42A3-9474-1A3956D46DE8}") = "Services", "Services", "{0B3D261C-9E09-42F1-9B00-C29CAAC434D7}"
EndProject
Project("{2150E333-8FDC-42A3-9474-1A3956D46DE8}") = "Abstractions", "Abstractions", "{CD52143A-4B58-4E86-A5C8-DC945F0DD1CC}"
EndProject
Project("{2150E333-8FDC-42A3-9474-1A3956D46DE8}") = "Implementations", "Implementations", "{83A6BE31-2100-43E0-82AE-397D94BDD91D}"
EndProject
Project("{2150E333-8FDC-42A3-9474-1A3956D46DE8}") = "Contracts", "Contracts", "{34CA9C20-7680-4B5C-BB9A-07F02F036A79}"
EndProject
Project("{FAE04EC0-301F-11D3-BF4B-00C04F79EFBC}") = "SafeRebus.Abstractions", "Abstractions\SafeRebus.Abstractions\SafeRebus.Abstractions.csproj", "{4B9DA0CE-595E-474C-86A8-5EFB9B6DFC6E}"
EndProject
Project("{FAE04EC0-301F-11D3-BF4B-00C04F79EFBC}") = "SafeRebus.Utilities", "Implementations\SafeRebus.Utilities\SafeRebus.Utilities.csproj", "{5F47BA4C-876F-4438-94A2-5C56C35F0D68}"
EndProject
Project("{FAE04EC0-301F-11D3-BF4B-00C04F79EFBC}") = "SafeRebus.Contracts", "Contracts\SafeRebus.Contracts\SafeRebus.Contracts.csproj", "{1C088B75-9D45-4F8A-BB66-3CFC9B273460}"
EndProject
Project("{FAE04EC0-301F-11D3-BF4B-00C04F79EFBC}") = "SafeRebus.Config", "Implementations\SafeRebus.Config\SafeRebus.Config.csproj", "{E40754CE-4E96-474C-A409-34E818FF21D2}"
EndProject
Project("{FAE04EC0-301F-11D3-BF4B-00C04F79EFBC}") = "SafeRebus.MessageHandler", "Implementations\SafeRebus.MessageHandler\SafeRebus.MessageHandler.csproj", "{C793A91F-A833-4BA7-8A5F-A0109270F535}"
EndProject
Project("{FAE04EC0-301F-11D3-BF4B-00C04F79EFBC}") = "SafeRebus.Builder", "Implementations\SafeRebus.Builder\SafeRebus.Builder.csproj", "{60155C84-F2B4-4FD8-BA4A-E64ED1E16535}"
EndProject
Project("{2150E333-8FDC-42A3-9474-1A3956D46DE8}") = "Tests", "Tests", "{1D4D36F2-B674-4BF6-B95A-828AB6ED5E29}"
EndProject
Project("{FAE04EC0-301F-11D3-BF4B-00C04F79EFBC}") = "SafeRebus.Tests", "Tests\SafeRebus.Tests\SafeRebus.Tests.csproj", "{40817C8A-A369-4546-BA63-8AD11A0255F8}"
EndProject
Project("{FAE04EC0-301F-11D3-BF4B-00C04F79EFBC}") = "SafeRebus.TestUtilities", "Tests\SafeRebus.TestUtilities\SafeRebus.TestUtilities.csproj", "{B22280F2-A9D7-4E27-8C61-12F4FAF2D78C}"
EndProject
Project("{FAE04EC0-301F-11D3-BF4B-00C04F79EFBC}") = "SafeRebus.Migration", "Implementations\SafeRebus.Migration\SafeRebus.Migration.csproj", "{19C12804-707D-481D-98EB-C7159420FBFB}"
EndProject
Project("{FAE04EC0-301F-11D3-BF4B-00C04F79EFBC}") = "SafeRebus.Database", "Implementations\SafeRebus.Database\SafeRebus.Database.csproj", "{EBC4D2B7-FAC5-4D0C-96A5-5A5C50FE5FFC}"
EndProject
Project("{FAE04EC0-301F-11D3-BF4B-00C04F79EFBC}") = "SafeRebus.Migrator", "Services\SafeRebus.Migrator\SafeRebus.Migrator.csproj", "{A11CC622-D9C9-450A-8165-75BD00CE5D11}"
EndProject
Project("{FAE04EC0-301F-11D3-BF4B-00C04F79EFBC}") = "SafeRebus.Service", "Services\SafeRebus.Service\SafeRebus.Service.csproj", "{8F95E1FD-3301-45C1-B3DF-CCFF097F783C}"
EndProject
Project("{FAE04EC0-301F-11D3-BF4B-00C04F79EFBC}") = "SafeRebus.RebusSteps", "Implementations\SafeRebus.RebusSteps\SafeRebus.RebusSteps.csproj", "{5A8A80C6-5810-42E6-9C1F-3529BA91B434}"
EndProject
Project("{FAE04EC0-301F-11D3-BF4B-00C04F79EFBC}") = "SafeRebus.Host", "Implementations\SafeRebus.Host\SafeRebus.Host.csproj", "{25B60ACC-FD00-4CAD-9377-C80582B1F382}"
EndProject
Global
	GlobalSection(SolutionConfigurationPlatforms) = preSolution
		Debug|Any CPU = Debug|Any CPU
		Release|Any CPU = Release|Any CPU
	EndGlobalSection
	GlobalSection(ProjectConfigurationPlatforms) = postSolution
		{4B9DA0CE-595E-474C-86A8-5EFB9B6DFC6E}.Debug|Any CPU.ActiveCfg = Debug|Any CPU
		{4B9DA0CE-595E-474C-86A8-5EFB9B6DFC6E}.Debug|Any CPU.Build.0 = Debug|Any CPU
		{4B9DA0CE-595E-474C-86A8-5EFB9B6DFC6E}.Release|Any CPU.ActiveCfg = Release|Any CPU
		{4B9DA0CE-595E-474C-86A8-5EFB9B6DFC6E}.Release|Any CPU.Build.0 = Release|Any CPU
		{5F47BA4C-876F-4438-94A2-5C56C35F0D68}.Debug|Any CPU.ActiveCfg = Debug|Any CPU
		{5F47BA4C-876F-4438-94A2-5C56C35F0D68}.Debug|Any CPU.Build.0 = Debug|Any CPU
		{5F47BA4C-876F-4438-94A2-5C56C35F0D68}.Release|Any CPU.ActiveCfg = Release|Any CPU
		{5F47BA4C-876F-4438-94A2-5C56C35F0D68}.Release|Any CPU.Build.0 = Release|Any CPU
		{1C088B75-9D45-4F8A-BB66-3CFC9B273460}.Debug|Any CPU.ActiveCfg = Debug|Any CPU
		{1C088B75-9D45-4F8A-BB66-3CFC9B273460}.Debug|Any CPU.Build.0 = Debug|Any CPU
		{1C088B75-9D45-4F8A-BB66-3CFC9B273460}.Release|Any CPU.ActiveCfg = Release|Any CPU
		{1C088B75-9D45-4F8A-BB66-3CFC9B273460}.Release|Any CPU.Build.0 = Release|Any CPU
		{E40754CE-4E96-474C-A409-34E818FF21D2}.Debug|Any CPU.ActiveCfg = Debug|Any CPU
		{E40754CE-4E96-474C-A409-34E818FF21D2}.Debug|Any CPU.Build.0 = Debug|Any CPU
		{E40754CE-4E96-474C-A409-34E818FF21D2}.Release|Any CPU.ActiveCfg = Release|Any CPU
		{E40754CE-4E96-474C-A409-34E818FF21D2}.Release|Any CPU.Build.0 = Release|Any CPU
		{C793A91F-A833-4BA7-8A5F-A0109270F535}.Debug|Any CPU.ActiveCfg = Debug|Any CPU
		{C793A91F-A833-4BA7-8A5F-A0109270F535}.Debug|Any CPU.Build.0 = Debug|Any CPU
		{C793A91F-A833-4BA7-8A5F-A0109270F535}.Release|Any CPU.ActiveCfg = Release|Any CPU
		{C793A91F-A833-4BA7-8A5F-A0109270F535}.Release|Any CPU.Build.0 = Release|Any CPU
		{60155C84-F2B4-4FD8-BA4A-E64ED1E16535}.Debug|Any CPU.ActiveCfg = Debug|Any CPU
		{60155C84-F2B4-4FD8-BA4A-E64ED1E16535}.Debug|Any CPU.Build.0 = Debug|Any CPU
		{60155C84-F2B4-4FD8-BA4A-E64ED1E16535}.Release|Any CPU.ActiveCfg = Release|Any CPU
		{60155C84-F2B4-4FD8-BA4A-E64ED1E16535}.Release|Any CPU.Build.0 = Release|Any CPU
		{40817C8A-A369-4546-BA63-8AD11A0255F8}.Debug|Any CPU.ActiveCfg = Debug|Any CPU
		{40817C8A-A369-4546-BA63-8AD11A0255F8}.Debug|Any CPU.Build.0 = Debug|Any CPU
		{40817C8A-A369-4546-BA63-8AD11A0255F8}.Release|Any CPU.ActiveCfg = Release|Any CPU
		{40817C8A-A369-4546-BA63-8AD11A0255F8}.Release|Any CPU.Build.0 = Release|Any CPU
		{B22280F2-A9D7-4E27-8C61-12F4FAF2D78C}.Debug|Any CPU.ActiveCfg = Debug|Any CPU
		{B22280F2-A9D7-4E27-8C61-12F4FAF2D78C}.Debug|Any CPU.Build.0 = Debug|Any CPU
		{B22280F2-A9D7-4E27-8C61-12F4FAF2D78C}.Release|Any CPU.ActiveCfg = Release|Any CPU
		{B22280F2-A9D7-4E27-8C61-12F4FAF2D78C}.Release|Any CPU.Build.0 = Release|Any CPU
		{19C12804-707D-481D-98EB-C7159420FBFB}.Debug|Any CPU.ActiveCfg = Debug|Any CPU
		{19C12804-707D-481D-98EB-C7159420FBFB}.Debug|Any CPU.Build.0 = Debug|Any CPU
		{19C12804-707D-481D-98EB-C7159420FBFB}.Release|Any CPU.ActiveCfg = Release|Any CPU
		{19C12804-707D-481D-98EB-C7159420FBFB}.Release|Any CPU.Build.0 = Release|Any CPU
		{EBC4D2B7-FAC5-4D0C-96A5-5A5C50FE5FFC}.Debug|Any CPU.ActiveCfg = Debug|Any CPU
		{EBC4D2B7-FAC5-4D0C-96A5-5A5C50FE5FFC}.Debug|Any CPU.Build.0 = Debug|Any CPU
		{EBC4D2B7-FAC5-4D0C-96A5-5A5C50FE5FFC}.Release|Any CPU.ActiveCfg = Release|Any CPU
		{EBC4D2B7-FAC5-4D0C-96A5-5A5C50FE5FFC}.Release|Any CPU.Build.0 = Release|Any CPU
		{A11CC622-D9C9-450A-8165-75BD00CE5D11}.Debug|Any CPU.ActiveCfg = Debug|Any CPU
		{A11CC622-D9C9-450A-8165-75BD00CE5D11}.Debug|Any CPU.Build.0 = Debug|Any CPU
		{A11CC622-D9C9-450A-8165-75BD00CE5D11}.Release|Any CPU.ActiveCfg = Release|Any CPU
		{A11CC622-D9C9-450A-8165-75BD00CE5D11}.Release|Any CPU.Build.0 = Release|Any CPU
		{8F95E1FD-3301-45C1-B3DF-CCFF097F783C}.Debug|Any CPU.ActiveCfg = Debug|Any CPU
		{8F95E1FD-3301-45C1-B3DF-CCFF097F783C}.Debug|Any CPU.Build.0 = Debug|Any CPU
		{8F95E1FD-3301-45C1-B3DF-CCFF097F783C}.Release|Any CPU.ActiveCfg = Release|Any CPU
		{8F95E1FD-3301-45C1-B3DF-CCFF097F783C}.Release|Any CPU.Build.0 = Release|Any CPU
		{5A8A80C6-5810-42E6-9C1F-3529BA91B434}.Debug|Any CPU.ActiveCfg = Debug|Any CPU
		{5A8A80C6-5810-42E6-9C1F-3529BA91B434}.Debug|Any CPU.Build.0 = Debug|Any CPU
		{5A8A80C6-5810-42E6-9C1F-3529BA91B434}.Release|Any CPU.ActiveCfg = Release|Any CPU
		{5A8A80C6-5810-42E6-9C1F-3529BA91B434}.Release|Any CPU.Build.0 = Release|Any CPU
		{25B60ACC-FD00-4CAD-9377-C80582B1F382}.Debug|Any CPU.ActiveCfg = Debug|Any CPU
		{25B60ACC-FD00-4CAD-9377-C80582B1F382}.Debug|Any CPU.Build.0 = Debug|Any CPU
		{25B60ACC-FD00-4CAD-9377-C80582B1F382}.Release|Any CPU.ActiveCfg = Release|Any CPU
		{25B60ACC-FD00-4CAD-9377-C80582B1F382}.Release|Any CPU.Build.0 = Release|Any CPU
	EndGlobalSection
	GlobalSection(NestedProjects) = preSolution
		{4B9DA0CE-595E-474C-86A8-5EFB9B6DFC6E} = {CD52143A-4B58-4E86-A5C8-DC945F0DD1CC}
		{5F47BA4C-876F-4438-94A2-5C56C35F0D68} = {83A6BE31-2100-43E0-82AE-397D94BDD91D}
		{1C088B75-9D45-4F8A-BB66-3CFC9B273460} = {34CA9C20-7680-4B5C-BB9A-07F02F036A79}
		{E40754CE-4E96-474C-A409-34E818FF21D2} = {83A6BE31-2100-43E0-82AE-397D94BDD91D}
		{C793A91F-A833-4BA7-8A5F-A0109270F535} = {83A6BE31-2100-43E0-82AE-397D94BDD91D}
		{60155C84-F2B4-4FD8-BA4A-E64ED1E16535} = {83A6BE31-2100-43E0-82AE-397D94BDD91D}
		{40817C8A-A369-4546-BA63-8AD11A0255F8} = {1D4D36F2-B674-4BF6-B95A-828AB6ED5E29}
		{B22280F2-A9D7-4E27-8C61-12F4FAF2D78C} = {1D4D36F2-B674-4BF6-B95A-828AB6ED5E29}
		{19C12804-707D-481D-98EB-C7159420FBFB} = {83A6BE31-2100-43E0-82AE-397D94BDD91D}
		{EBC4D2B7-FAC5-4D0C-96A5-5A5C50FE5FFC} = {83A6BE31-2100-43E0-82AE-397D94BDD91D}
		{A11CC622-D9C9-450A-8165-75BD00CE5D11} = {0B3D261C-9E09-42F1-9B00-C29CAAC434D7}
		{8F95E1FD-3301-45C1-B3DF-CCFF097F783C} = {0B3D261C-9E09-42F1-9B00-C29CAAC434D7}
		{5A8A80C6-5810-42E6-9C1F-3529BA91B434} = {83A6BE31-2100-43E0-82AE-397D94BDD91D}
		{25B60ACC-FD00-4CAD-9377-C80582B1F382} = {83A6BE31-2100-43E0-82AE-397D94BDD91D}
	EndGlobalSection
EndGlobal
