
Microsoft Visual Studio Solution File, Format Version 12.00
Project("{2150E333-8FDC-42A3-9474-1A3956D46DE8}") = "Services", "Services", "{0B3D261C-9E09-42F1-9B00-C29CAAC434D7}"
EndProject
Project("{2150E333-8FDC-42A3-9474-1A3956D46DE8}") = "Abstractions", "Abstractions", "{CD52143A-4B58-4E86-A5C8-DC945F0DD1CC}"
EndProject
Project("{2150E333-8FDC-42A3-9474-1A3956D46DE8}") = "Implementations", "Implementations", "{83A6BE31-2100-43E0-82AE-397D94BDD91D}"
EndProject
Project("{2150E333-8FDC-42A3-9474-1A3956D46DE8}") = "Contracts", "Contracts", "{34CA9C20-7680-4B5C-BB9A-07F02F036A79}"
EndProject
Project("{FAE04EC0-301F-11D3-BF4B-00C04F79EFBC}") = "SafeRebus.Abstractions", "Abstractions\SafeRebus.Abstractions\SafeRebus.Abstractions.csproj", "{4B9DA0CE-595E-474C-86A8-5EFB9B6DFC6E}"
EndProject
Project("{FAE04EC0-301F-11D3-BF4B-00C04F79EFBC}") = "SafeRebus.MessageProcessor", "Implementations\SafeRebus.MessageProcessor\SafeRebus.MessageProcessor.csproj", "{68633576-6BAF-463D-8436-CBFC4566BA50}"
EndProject
Project("{FAE04EC0-301F-11D3-BF4B-00C04F79EFBC}") = "SafeRebus.Utilities", "Implementations\SafeRebus.Utilities\SafeRebus.Utilities.csproj", "{5F47BA4C-876F-4438-94A2-5C56C35F0D68}"
EndProject
Project("{FAE04EC0-301F-11D3-BF4B-00C04F79EFBC}") = "SafeRebus.Contracts", "Contracts\SafeRebus.Contracts\SafeRebus.Contracts.csproj", "{1C088B75-9D45-4F8A-BB66-3CFC9B273460}"
EndProject
Project("{FAE04EC0-301F-11D3-BF4B-00C04F79EFBC}") = "SafeRebus.Config", "Implementations\SafeRebus.Config\SafeRebus.Config.csproj", "{E40754CE-4E96-474C-A409-34E818FF21D2}"
EndProject
Project("{FAE04EC0-301F-11D3-BF4B-00C04F79EFBC}") = "SafeRebus.MessageHandler", "Implementations\SafeRebus.MessageHandler\SafeRebus.MessageHandler.csproj", "{C793A91F-A833-4BA7-8A5F-A0109270F535}"
EndProject
Project("{FAE04EC0-301F-11D3-BF4B-00C04F79EFBC}") = "SafeRebus.Builder", "Implementations\SafeRebus.Builder\SafeRebus.Builder.csproj", "{60155C84-F2B4-4FD8-BA4A-E64ED1E16535}"
EndProject
Project("{FAE04EC0-301F-11D3-BF4B-00C04F79EFBC}") = "SafeRebus.Runner", "Implementations\SafeRebus.Runner\SafeRebus.Runner.csproj", "{34346BBF-91AE-49B3-B7C7-2453AE511504}"
EndProject
Project("{FAE04EC0-301F-11D3-BF4B-00C04F79EFBC}") = "SafeRebusBusService", "Services\SafeRebusBusService\SafeRebusBusService.csproj", "{6C38F6D9-3369-4CEA-88BD-A071EEE5887B}"
EndProject
Project("{2150E333-8FDC-42A3-9474-1A3956D46DE8}") = "Tests", "Tests", "{1D4D36F2-B674-4BF6-B95A-828AB6ED5E29}"
EndProject
Project("{FAE04EC0-301F-11D3-BF4B-00C04F79EFBC}") = "SafeRebus.Tests", "Tests\SafeRebus.Tests\SafeRebus.Tests.csproj", "{40817C8A-A369-4546-BA63-8AD11A0255F8}"
EndProject
Project("{FAE04EC0-301F-11D3-BF4B-00C04F79EFBC}") = "SafeRebus.TestUtilities", "Tests\SafeRebus.TestUtilities\SafeRebus.TestUtilities.csproj", "{B22280F2-A9D7-4E27-8C61-12F4FAF2D78C}"
EndProject
Global
	GlobalSection(SolutionConfigurationPlatforms) = preSolution
		Debug|Any CPU = Debug|Any CPU
		Release|Any CPU = Release|Any CPU
	EndGlobalSection
	GlobalSection(ProjectConfigurationPlatforms) = postSolution
		{4B9DA0CE-595E-474C-86A8-5EFB9B6DFC6E}.Debug|Any CPU.ActiveCfg = Debug|Any CPU
		{4B9DA0CE-595E-474C-86A8-5EFB9B6DFC6E}.Debug|Any CPU.Build.0 = Debug|Any CPU
		{4B9DA0CE-595E-474C-86A8-5EFB9B6DFC6E}.Release|Any CPU.ActiveCfg = Release|Any CPU
		{4B9DA0CE-595E-474C-86A8-5EFB9B6DFC6E}.Release|Any CPU.Build.0 = Release|Any CPU
		{68633576-6BAF-463D-8436-CBFC4566BA50}.Debug|Any CPU.ActiveCfg = Debug|Any CPU
		{68633576-6BAF-463D-8436-CBFC4566BA50}.Debug|Any CPU.Build.0 = Debug|Any CPU
		{68633576-6BAF-463D-8436-CBFC4566BA50}.Release|Any CPU.ActiveCfg = Release|Any CPU
		{68633576-6BAF-463D-8436-CBFC4566BA50}.Release|Any CPU.Build.0 = Release|Any CPU
		{5F47BA4C-876F-4438-94A2-5C56C35F0D68}.Debug|Any CPU.ActiveCfg = Debug|Any CPU
		{5F47BA4C-876F-4438-94A2-5C56C35F0D68}.Debug|Any CPU.Build.0 = Debug|Any CPU
		{5F47BA4C-876F-4438-94A2-5C56C35F0D68}.Release|Any CPU.ActiveCfg = Release|Any CPU
		{5F47BA4C-876F-4438-94A2-5C56C35F0D68}.Release|Any CPU.Build.0 = Release|Any CPU
		{1C088B75-9D45-4F8A-BB66-3CFC9B273460}.Debug|Any CPU.ActiveCfg = Debug|Any CPU
		{1C088B75-9D45-4F8A-BB66-3CFC9B273460}.Debug|Any CPU.Build.0 = Debug|Any CPU
		{1C088B75-9D45-4F8A-BB66-3CFC9B273460}.Release|Any CPU.ActiveCfg = Release|Any CPU
		{1C088B75-9D45-4F8A-BB66-3CFC9B273460}.Release|Any CPU.Build.0 = Release|Any CPU
		{E40754CE-4E96-474C-A409-34E818FF21D2}.Debug|Any CPU.ActiveCfg = Debug|Any CPU
		{E40754CE-4E96-474C-A409-34E818FF21D2}.Debug|Any CPU.Build.0 = Debug|Any CPU
		{E40754CE-4E96-474C-A409-34E818FF21D2}.Release|Any CPU.ActiveCfg = Release|Any CPU
		{E40754CE-4E96-474C-A409-34E818FF21D2}.Release|Any CPU.Build.0 = Release|Any CPU
		{C793A91F-A833-4BA7-8A5F-A0109270F535}.Debug|Any CPU.ActiveCfg = Debug|Any CPU
		{C793A91F-A833-4BA7-8A5F-A0109270F535}.Debug|Any CPU.Build.0 = Debug|Any CPU
		{C793A91F-A833-4BA7-8A5F-A0109270F535}.Release|Any CPU.ActiveCfg = Release|Any CPU
		{C793A91F-A833-4BA7-8A5F-A0109270F535}.Release|Any CPU.Build.0 = Release|Any CPU
		{60155C84-F2B4-4FD8-BA4A-E64ED1E16535}.Debug|Any CPU.ActiveCfg = Debug|Any CPU
		{60155C84-F2B4-4FD8-BA4A-E64ED1E16535}.Debug|Any CPU.Build.0 = Debug|Any CPU
		{60155C84-F2B4-4FD8-BA4A-E64ED1E16535}.Release|Any CPU.ActiveCfg = Release|Any CPU
		{60155C84-F2B4-4FD8-BA4A-E64ED1E16535}.Release|Any CPU.Build.0 = Release|Any CPU
		{34346BBF-91AE-49B3-B7C7-2453AE511504}.Debug|Any CPU.ActiveCfg = Debug|Any CPU
		{34346BBF-91AE-49B3-B7C7-2453AE511504}.Debug|Any CPU.Build.0 = Debug|Any CPU
		{34346BBF-91AE-49B3-B7C7-2453AE511504}.Release|Any CPU.ActiveCfg = Release|Any CPU
		{34346BBF-91AE-49B3-B7C7-2453AE511504}.Release|Any CPU.Build.0 = Release|Any CPU
		{6C38F6D9-3369-4CEA-88BD-A071EEE5887B}.Debug|Any CPU.ActiveCfg = Debug|Any CPU
		{6C38F6D9-3369-4CEA-88BD-A071EEE5887B}.Debug|Any CPU.Build.0 = Debug|Any CPU
		{6C38F6D9-3369-4CEA-88BD-A071EEE5887B}.Release|Any CPU.ActiveCfg = Release|Any CPU
		{6C38F6D9-3369-4CEA-88BD-A071EEE5887B}.Release|Any CPU.Build.0 = Release|Any CPU
		{40817C8A-A369-4546-BA63-8AD11A0255F8}.Debug|Any CPU.ActiveCfg = Debug|Any CPU
		{40817C8A-A369-4546-BA63-8AD11A0255F8}.Debug|Any CPU.Build.0 = Debug|Any CPU
		{40817C8A-A369-4546-BA63-8AD11A0255F8}.Release|Any CPU.ActiveCfg = Release|Any CPU
		{40817C8A-A369-4546-BA63-8AD11A0255F8}.Release|Any CPU.Build.0 = Release|Any CPU
		{B22280F2-A9D7-4E27-8C61-12F4FAF2D78C}.Debug|Any CPU.ActiveCfg = Debug|Any CPU
		{B22280F2-A9D7-4E27-8C61-12F4FAF2D78C}.Debug|Any CPU.Build.0 = Debug|Any CPU
		{B22280F2-A9D7-4E27-8C61-12F4FAF2D78C}.Release|Any CPU.ActiveCfg = Release|Any CPU
		{B22280F2-A9D7-4E27-8C61-12F4FAF2D78C}.Release|Any CPU.Build.0 = Release|Any CPU
	EndGlobalSection
	GlobalSection(NestedProjects) = preSolution
		{4B9DA0CE-595E-474C-86A8-5EFB9B6DFC6E} = {CD52143A-4B58-4E86-A5C8-DC945F0DD1CC}
		{68633576-6BAF-463D-8436-CBFC4566BA50} = {83A6BE31-2100-43E0-82AE-397D94BDD91D}
		{5F47BA4C-876F-4438-94A2-5C56C35F0D68} = {83A6BE31-2100-43E0-82AE-397D94BDD91D}
		{1C088B75-9D45-4F8A-BB66-3CFC9B273460} = {34CA9C20-7680-4B5C-BB9A-07F02F036A79}
		{E40754CE-4E96-474C-A409-34E818FF21D2} = {83A6BE31-2100-43E0-82AE-397D94BDD91D}
		{C793A91F-A833-4BA7-8A5F-A0109270F535} = {83A6BE31-2100-43E0-82AE-397D94BDD91D}
		{60155C84-F2B4-4FD8-BA4A-E64ED1E16535} = {83A6BE31-2100-43E0-82AE-397D94BDD91D}
		{34346BBF-91AE-49B3-B7C7-2453AE511504} = {83A6BE31-2100-43E0-82AE-397D94BDD91D}
		{6C38F6D9-3369-4CEA-88BD-A071EEE5887B} = {0B3D261C-9E09-42F1-9B00-C29CAAC434D7}
		{40817C8A-A369-4546-BA63-8AD11A0255F8} = {1D4D36F2-B674-4BF6-B95A-828AB6ED5E29}
		{B22280F2-A9D7-4E27-8C61-12F4FAF2D78C} = {1D4D36F2-B674-4BF6-B95A-828AB6ED5E29}
	EndGlobalSection
EndGlobal
